
Microsoft Visual Studio Solution File, Format Version 12.00
# Visual Studio Version 17
VisualStudioVersion = 17.4.33213.308
MinimumVisualStudioVersion = 10.0.40219.1
Project("{FAE04EC0-301F-11D3-BF4B-00C04F79EFBC}") = "ChallengeApp", "ChallengeApp\ChallengeApp.csproj", "{2B25846B-B6E0-4847-8A36-1970C64F6581}"
EndProject
Global
	GlobalSection(SolutionConfigurationPlatforms) = preSolution
		Debug|Any CPU = Debug|Any CPU
		Release|Any CPU = Release|Any CPU
	EndGlobalSection
	GlobalSection(ProjectConfigurationPlatforms) = postSolution
		{2B25846B-B6E0-4847-8A36-1970C64F6581}.Debug|Any CPU.ActiveCfg = Debug|Any CPU
		{2B25846B-B6E0-4847-8A36-1970C64F6581}.Debug|Any CPU.Build.0 = Debug|Any CPU
		{2B25846B-B6E0-4847-8A36-1970C64F6581}.Release|Any CPU.ActiveCfg = Release|Any CPU
		{2B25846B-B6E0-4847-8A36-1970C64F6581}.Release|Any CPU.Build.0 = Release|Any CPU
	EndGlobalSection
	GlobalSection(SolutionProperties) = preSolution
		HideSolutionNode = FALSE
	EndGlobalSection
	GlobalSection(ExtensibilityGlobals) = postSolution
		SolutionGuid = {0DE99F06-7CAD-49DC-B796-5B28B69BB1B9}
	EndGlobalSection
EndGlobal
